Microsoft Visual Studio Solution File, Format Version 12.00
# Visual Studio Version 17
VisualStudioVersion = 17.5.2.0
MinimumVisualStudioVersion = 10.0.40219.1
Project("{FAE04EC0-301F-11D3-BF4B-00C04F79EFBC}") = "ObituaryApp.Blazor", "ObituaryApp.Blazor.csproj", "{9F66C580-6D69-FF9C-E023-FD79F0DC5BB9}"
EndProject
Global
	GlobalSection(SolutionConfigurationPlatforms) = preSolution
		Debug|Any CPU = Debug|Any CPU
		Release|Any CPU = Release|Any CPU
	EndGlobalSection
	GlobalSection(ProjectConfigurationPlatforms) = postSolution
		{9F66C580-6D69-FF9C-E023-FD79F0DC5BB9}.Debug|Any CPU.ActiveCfg = Debug|Any CPU
		{9F66C580-6D69-FF9C-E023-FD79F0DC5BB9}.Debug|Any CPU.Build.0 = Debug|Any CPU
		{9F66C580-6D69-FF9C-E023-FD79F0DC5BB9}.Release|Any CPU.ActiveCfg = Release|Any CPU
		{9F66C580-6D69-FF9C-E023-FD79F0DC5BB9}.Release|Any CPU.Build.0 = Release|Any CPU
	EndGlobalSection
	GlobalSection(SolutionProperties) = preSolution
		HideSolutionNode = FALSE
	EndGlobalSection
	GlobalSection(ExtensibilityGlobals) = postSolution
		SolutionGuid = {5B06D1D8-BF2C-44E4-82A5-B31E69049C38}
	EndGlobalSection
EndGlobal
