Microsoft Visual Studio Solution File, Format Version 12.00
# Visual Studio Version 17
VisualStudioVersion = 17.5.2.0
MinimumVisualStudioVersion = 10.0.40219.1
Project("{FAE04EC0-301F-11D3-BF4B-00C04F79EFBC}") = "ObituaryMvcApi", "ObituaryMvcApi.csproj", "{D1A0BCE3-F191-1208-04D1-DCED821EEE4E}"
EndProject
Global
	GlobalSection(SolutionConfigurationPlatforms) = preSolution
		Debug|Any CPU = Debug|Any CPU
		Release|Any CPU = Release|Any CPU
	EndGlobalSection
	GlobalSection(ProjectConfigurationPlatforms) = postSolution
		{D1A0BCE3-F191-1208-04D1-DCED821EEE4E}.Debug|Any CPU.ActiveCfg = Debug|Any CPU
		{D1A0BCE3-F191-1208-04D1-DCED821EEE4E}.Debug|Any CPU.Build.0 = Debug|Any CPU
		{D1A0BCE3-F191-1208-04D1-DCED821EEE4E}.Release|Any CPU.ActiveCfg = Release|Any CPU
		{D1A0BCE3-F191-1208-04D1-DCED821EEE4E}.Release|Any CPU.Build.0 = Release|Any CPU
	EndGlobalSection
	GlobalSection(SolutionProperties) = preSolution
		HideSolutionNode = FALSE
	EndGlobalSection
	GlobalSection(ExtensibilityGlobals) = postSolution
		SolutionGuid = {C2114352-6C0D-4AE7-91BA-1604E368FC44}
	EndGlobalSection
EndGlobal
